// !$*UTF8*$!
{
	archiveVersion = 1;
	classes = {
	};
	objectVersion = 48;
	objects = {

/* Begin PBXBuildFile section */
		0D0BD53F1FBFBFED004D0FAE /* ReadWrite.swift in Sources */ = {isa = PBXBuildFile; fileRef = 0D0BD53E1FBFBFED004D0FAE /* ReadWrite.swift */; };
		0D0D0D6F1FC61B5E00C84F1D /* Photo.swift in Sources */ = {isa = PBXBuildFile; fileRef = 0D0D0D6E1FC61B5E00C84F1D /* Photo.swift */; };
		0D0D0D711FC621A500C84F1D /* Comment.swift in Sources */ = {isa = PBXBuildFile; fileRef = 0D0D0D701FC621A500C84F1D /* Comment.swift */; };
		0D0D0D731FC624BF00C84F1D /* CommentManager.swift in Sources */ = {isa = PBXBuildFile; fileRef = 0D0D0D721FC624BF00C84F1D /* CommentManager.swift */; };
		0D132CFC1FC75AA800C63AC0 /* PhotoManager.swift in Sources */ = {isa = PBXBuildFile; fileRef = 0D132CFB1FC75AA800C63AC0 /* PhotoManager.swift */; };
		0D2798C71FC3971E004C1B00 /* SaveTree.swift in Sources */ = {isa = PBXBuildFile; fileRef = E6D66C181FC0E2C9001B5C52 /* SaveTree.swift */; };
		0D3579031FC3BAFE00F779DB /* BasicTreeTableViewCell.swift in Sources */ = {isa = PBXBuildFile; fileRef = 0D3579021FC3BAFE00F779DB /* BasicTreeTableViewCell.swift */; };
		0D49A58C1FC2638100350FE5 /* TreeDetailViewController.swift in Sources */ = {isa = PBXBuildFile; fileRef = 0D49A58B1FC2638100350FE5 /* TreeDetailViewController.swift */; };
		0D49A58E1FC26FBD00350FE5 /* TreeAnnotation.swift in Sources */ = {isa = PBXBuildFile; fileRef = 0D49A58D1FC26FBD00350FE5 /* TreeAnnotation.swift */; };
		0D49A5901FC27A9700350FE5 /* TreeAnnotationView.swift in Sources */ = {isa = PBXBuildFile; fileRef = 0D49A58F1FC27A9700350FE5 /* TreeAnnotationView.swift */; };
		0D503A261FBFCEAF00B031F8 /* LoginClass.swift in Sources */ = {isa = PBXBuildFile; fileRef = 0D503A251FBFCEAF00B031F8 /* LoginClass.swift */; };
		0DA72E8A1FCA6C4400475FBF /* PhotoFullScreen.storyboard in Resources */ = {isa = PBXBuildFile; fileRef = 0DA72E891FCA6C4400475FBF /* PhotoFullScreen.storyboard */; };
		0DBF019E1FBF6A4200ACBB61 /* SignUpView.storyboard in Resources */ = {isa = PBXBuildFile; fileRef = 0DBF019D1FBF6A4200ACBB61 /* SignUpView.storyboard */; };
		0DCE2F001FBCDE44001A30EA /* AppDelegate.swift in Sources */ = {isa = PBXBuildFile; fileRef = 0DCE2EFF1FBCDE44001A30EA /* AppDelegate.swift */; };
		0DCE2F021FBCDE44001A30EA /* ViewController.swift in Sources */ = {isa = PBXBuildFile; fileRef = 0DCE2F011FBCDE44001A30EA /* ViewController.swift */; };
		0DCE2F051FBCDE44001A30EA /* Main.storyboard in Resources */ = {isa = PBXBuildFile; fileRef = 0DCE2F031FBCDE44001A30EA /* Main.storyboard */; };
		0DCE2F071FBCDE44001A30EA /* Assets.xcassets in Resources */ = {isa = PBXBuildFile; fileRef = 0DCE2F061FBCDE44001A30EA /* Assets.xcassets */; };
		0DCE2F0A1FBCDE44001A30EA /* LaunchScreen.storyboard in Resources */ = {isa = PBXBuildFile; fileRef = 0DCE2F081FBCDE44001A30EA /* LaunchScreen.storyboard */; };
		0DCE2F151FBCDE44001A30EA /* TreeClimbrTests.swift in Sources */ = {isa = PBXBuildFile; fileRef = 0DCE2F141FBCDE44001A30EA /* TreeClimbrTests.swift */; };
		0DCE2F201FBCDE44001A30EA /* TreeClimbrUITests.swift in Sources */ = {isa = PBXBuildFile; fileRef = 0DCE2F1F1FBCDE44001A30EA /* TreeClimbrUITests.swift */; };
		0DCE2F2E1FBCDEE6001A30EA /* TreeDetail.storyboard in Resources */ = {isa = PBXBuildFile; fileRef = 0DCE2F2D1FBCDEE6001A30EA /* TreeDetail.storyboard */; };
		0DCE2F301FBCDEF1001A30EA /* TreeList.storyboard in Resources */ = {isa = PBXBuildFile; fileRef = 0DCE2F2F1FBCDEF1001A30EA /* TreeList.storyboard */; };
		0DCE2F321FBCDF04001A30EA /* TreeNew.storyboard in Resources */ = {isa = PBXBuildFile; fileRef = 0DCE2F311FBCDF04001A30EA /* TreeNew.storyboard */; };
		0DCE2F341FBD17B6001A30EA /* BasicTreeInfoView.xib in Resources */ = {isa = PBXBuildFile; fileRef = 0DCE2F331FBD17B6001A30EA /* BasicTreeInfoView.xib */; };
		0DCE2F361FBD183E001A30EA /* BasicTreeInfoView.swift in Sources */ = {isa = PBXBuildFile; fileRef = 0DCE2F351FBD183E001A30EA /* BasicTreeInfoView.swift */; };
		0DF22D971FBEA64800F71C87 /* Login.storyboard in Resources */ = {isa = PBXBuildFile; fileRef = 0DF22D941FBEA64600F71C87 /* Login.storyboard */; };
		0DF22D981FBEA64800F71C87 /* LoginViewController.swift in Sources */ = {isa = PBXBuildFile; fileRef = 0DF22D951FBEA64600F71C87 /* LoginViewController.swift */; };
		0DF22D991FBEA64800F71C87 /* SignUpViewController.swift in Sources */ = {isa = PBXBuildFile; fileRef = 0DF22D961FBEA64700F71C87 /* SignUpViewController.swift */; };
		22069F8397656E85143983BB /* Pods_TreeClimbrUITests.framework in Frameworks */ = {isa = PBXBuildFile; fileRef = 2FF6856E586792415F41E9EA /* Pods_TreeClimbrUITests.framework */; };
		6FC054FD743C5A5CEA4AAC9A /* Pods_TreeClimbrTests.framework in Frameworks */ = {isa = PBXBuildFile; fileRef = 617D2BFF4417DD4A3BDC4428 /* Pods_TreeClimbrTests.framework */; };
		7776C7771FCA3773001E3357 /* ImageUploader.swift in Sources */ = {isa = PBXBuildFile; fileRef = 7776C7761FCA3773001E3357 /* ImageUploader.swift */; };
		7776C77B1FCCAC20001E3357 /* PhotoFullScreenViewController.swift in Sources */ = {isa = PBXBuildFile; fileRef = 7776C77A1FCCAC1F001E3357 /* PhotoFullScreenViewController.swift */; };
		A2ED1A78AF63651B5DC3ACE2 /* Pods_TreeClimbr.framework in Frameworks */ = {isa = PBXBuildFile; fileRef = C86287D5D71F2746141347B9 /* Pods_TreeClimbr.framework */; };
		CA1F19092006C65900D38DE5 /* HiddenUsers.storyboard in Resources */ = {isa = PBXBuildFile; fileRef = CA1F19082006C65900D38DE5 /* HiddenUsers.storyboard */; };
		CA1F190B2006C84F00D38DE5 /* HiddenUsersTableViewCell.swift in Sources */ = {isa = PBXBuildFile; fileRef = CA1F190A2006C84F00D38DE5 /* HiddenUsersTableViewCell.swift */; };
		CA1F190D2006C9C000D38DE5 /* HiddenUsersViewController.swift in Sources */ = {isa = PBXBuildFile; fileRef = CA1F190C2006C9C000D38DE5 /* HiddenUsersViewController.swift */; };
		CADBDECE2010242C0002750C /* VerifyUserDelegate.swift in Sources */ = {isa = PBXBuildFile; fileRef = CADBDECD2010242C0002750C /* VerifyUserDelegate.swift */; };
		E6051A7020052F9800C9B288 /* ReportInappropriate.swift in Sources */ = {isa = PBXBuildFile; fileRef = E6051A6F20052F9800C9B288 /* ReportInappropriate.swift */; };
		E6051A722005304100C9B288 /* MessageUI.framework in Frameworks */ = {isa = PBXBuildFile; fileRef = E6051A712005304100C9B288 /* MessageUI.framework */; };
		E6C423B52006AF5000BB823B /* HiddenUsersManager.swift in Sources */ = {isa = PBXBuildFile; fileRef = E6C423B42006AF4F00BB823B /* HiddenUsersManager.swift */; };
		E6C423B72006B21C00BB823B /* Settings.storyboard in Resources */ = {isa = PBXBuildFile; fileRef = E6C423B62006B21C00BB823B /* Settings.storyboard */; };
		E6C423BC2006B3A900BB823B /* SettingsViewController.swift in Sources */ = {isa = PBXBuildFile; fileRef = E6C423BB2006B3A900BB823B /* SettingsViewController.swift */; };
		E6CE28C01FBF76E2006ABDAB /* TreeNewViewController.swift in Sources */ = {isa = PBXBuildFile; fileRef = E6CE28BF1FBF76E2006ABDAB /* TreeNewViewController.swift */; };
		E6CE28C61FBFBB5F006ABDAB /* RegisterClass.swift in Sources */ = {isa = PBXBuildFile; fileRef = E6CE28C11FBFBB5F006ABDAB /* RegisterClass.swift */; };
		E6CE28C71FBFBB5F006ABDAB /* AlertShow.swift in Sources */ = {isa = PBXBuildFile; fileRef = E6CE28C21FBFBB5F006ABDAB /* AlertShow.swift */; };
		E6CE28C81FBFBB5F006ABDAB /* User.swift in Sources */ = {isa = PBXBuildFile; fileRef = E6CE28C31FBFBB5F006ABDAB /* User.swift */; };
		E6CE28C91FBFBB5F006ABDAB /* AppData.swift in Sources */ = {isa = PBXBuildFile; fileRef = E6CE28C41FBFBB5F006ABDAB /* AppData.swift */; };
		E6CE28CA1FBFBB5F006ABDAB /* Tree.swift in Sources */ = {isa = PBXBuildFile; fileRef = E6CE28C51FBFBB5F006ABDAB /* Tree.swift */; };
		E6CE28CC1FBFBBC6006ABDAB /* GoogleService-Info.plist in Resources */ = {isa = PBXBuildFile; fileRef = E6CE28CB1FBFBBC6006ABDAB /* GoogleService-Info.plist */; };
		E6CE28DA1FBFC233006ABDAB /* TreeListViewController.swift in Sources */ = {isa = PBXBuildFile; fileRef = E6CE28D91FBFC233006ABDAB /* TreeListViewController.swift */; };
		E6D5CF3D1FCCE1A200568764 /* UserTreesManager.swift in Sources */ = {isa = PBXBuildFile; fileRef = E6D5CF3C1FCCE1A200568764 /* UserTreesManager.swift */; };
		E6D66C1B1FC0E2DC001B5C52 /* LoadTrees.swift in Sources */ = {isa = PBXBuildFile; fileRef = E6D66C1A1FC0E2DC001B5C52 /* LoadTrees.swift */; };
		E6D66C1D1FC0E573001B5C52 /* ReadTrees.swift in Sources */ = {isa = PBXBuildFile; fileRef = E6D66C1C1FC0E573001B5C52 /* ReadTrees.swift */; };
		E6DA00B21FCA23BD00DDE91D /* FavouritesManager.swift in Sources */ = {isa = PBXBuildFile; fileRef = E6DA00B11FCA23BD00DDE91D /* FavouritesManager.swift */; };
		E6E1E4951FC4D4D1000F42CB /* AboutViewController.swift in Sources */ = {isa = PBXBuildFile; fileRef = E6E1E4941FC4D4D1000F42CB /* AboutViewController.swift */; };
		E6E1E4971FC4D4E2000F42CB /* CommentViewController.swift in Sources */ = {isa = PBXBuildFile; fileRef = E6E1E4961FC4D4E2000F42CB /* CommentViewController.swift */; };
		E6E1E4991FC4D4FB000F42CB /* PhotosViewController.swift in Sources */ = {isa = PBXBuildFile; fileRef = E6E1E4981FC4D4FB000F42CB /* PhotosViewController.swift */; };
		E6E1E49C1FC63DBA000F42CB /* CommentTableViewCell.swift in Sources */ = {isa = PBXBuildFile; fileRef = E6E1E49B1FC63DBA000F42CB /* CommentTableViewCell.swift */; };
		E6E1E49E1FC6516A000F42CB /* BasicPhotoCollectionViewCell.swift in Sources */ = {isa = PBXBuildFile; fileRef = E6E1E49D1FC6516A000F42CB /* BasicPhotoCollectionViewCell.swift */; };
/* End PBXBuildFile section */

/* Begin PBXContainerItemProxy section */
		0DCE2F111FBCDE44001A30EA /* PBXContainerItemProxy */ = {
			isa = PBXContainerItemProxy;
			containerPortal = 0DCE2EF41FBCDE44001A30EA /* Project object */;
			proxyType = 1;
			remoteGlobalIDString = 0DCE2EFB1FBCDE44001A30EA;
			remoteInfo = TreeClimbr;
		};
		0DCE2F1C1FBCDE44001A30EA /* PBXContainerItemProxy */ = {
			isa = PBXContainerItemProxy;
			containerPortal = 0DCE2EF41FBCDE44001A30EA /* Project object */;
			proxyType = 1;
			remoteGlobalIDString = 0DCE2EFB1FBCDE44001A30EA;
			remoteInfo = TreeClimbr;
		};
/* End PBXContainerItemProxy section */

/* Begin PBXFileReference section */
		0D0BD53E1FBFBFED004D0FAE /* ReadWrite.swift */ = {isa = PBXFileReference; lastKnownFileType = sourcecode.swift; path = ReadWrite.swift; sourceTree = "<group>"; };
		0D0D0D6E1FC61B5E00C84F1D /* Photo.swift */ = {isa = PBXFileReference; lastKnownFileType = sourcecode.swift; path = Photo.swift; sourceTree = "<group>"; };
		0D0D0D701FC621A500C84F1D /* Comment.swift */ = {isa = PBXFileReference; lastKnownFileType = sourcecode.swift; path = Comment.swift; sourceTree = "<group>"; };
		0D0D0D721FC624BF00C84F1D /* CommentManager.swift */ = {isa = PBXFileReference; lastKnownFileType = sourcecode.swift; path = CommentManager.swift; sourceTree = "<group>"; };
		0D132CFB1FC75AA800C63AC0 /* PhotoManager.swift */ = {isa = PBXFileReference; lastKnownFileType = sourcecode.swift; path = PhotoManager.swift; sourceTree = "<group>"; };
		0D3579021FC3BAFE00F779DB /* BasicTreeTableViewCell.swift */ = {isa = PBXFileReference; lastKnownFileType = sourcecode.swift; path = BasicTreeTableViewCell.swift; sourceTree = "<group>"; };
		0D49A58B1FC2638100350FE5 /* TreeDetailViewController.swift */ = {isa = PBXFileReference; lastKnownFileType = sourcecode.swift; path = TreeDetailViewController.swift; sourceTree = "<group>"; };
		0D49A58D1FC26FBD00350FE5 /* TreeAnnotation.swift */ = {isa = PBXFileReference; lastKnownFileType = sourcecode.swift; path = TreeAnnotation.swift; sourceTree = "<group>"; };
		0D49A58F1FC27A9700350FE5 /* TreeAnnotationView.swift */ = {isa = PBXFileReference; lastKnownFileType = sourcecode.swift; path = TreeAnnotationView.swift; sourceTree = "<group>"; };
		0D503A251FBFCEAF00B031F8 /* LoginClass.swift */ = {isa = PBXFileReference; lastKnownFileType = sourcecode.swift; path = LoginClass.swift; sourceTree = "<group>"; };
		0DA72E891FCA6C4400475FBF /* PhotoFullScreen.storyboard */ = {isa = PBXFileReference; lastKnownFileType = file.storyboard; path = PhotoFullScreen.storyboard; sourceTree = "<group>"; };
		0DBF019D1FBF6A4200ACBB61 /* SignUpView.storyboard */ = {isa = PBXFileReference; fileEncoding = 4; lastKnownFileType = file.storyboard; path = SignUpView.storyboard; sourceTree = "<group>"; };
		0DCE2EFC1FBCDE44001A30EA /* TreeClimbr.app */ = {isa = PBXFileReference; explicitFileType = wrapper.application; includeInIndex = 0; path = TreeClimbr.app; sourceTree = BUILT_PRODUCTS_DIR; };
		0DCE2EFF1FBCDE44001A30EA /* AppDelegate.swift */ = {isa = PBXFileReference; lastKnownFileType = sourcecode.swift; path = AppDelegate.swift; sourceTree = "<group>"; };
		0DCE2F011FBCDE44001A30EA /* ViewController.swift */ = {isa = PBXFileReference; lastKnownFileType = sourcecode.swift; path = ViewController.swift; sourceTree = "<group>"; };
		0DCE2F041FBCDE44001A30EA /* Base */ = {isa = PBXFileReference; lastKnownFileType = file.storyboard; name = Base; path = Base.lproj/Main.storyboard; sourceTree = "<group>"; };
		0DCE2F061FBCDE44001A30EA /* Assets.xcassets */ = {isa = PBXFileReference; lastKnownFileType = folder.assetcatalog; path = Assets.xcassets; sourceTree = "<group>"; };
		0DCE2F091FBCDE44001A30EA /* Base */ = {isa = PBXFileReference; lastKnownFileType = file.storyboard; name = Base; path = Base.lproj/LaunchScreen.storyboard; sourceTree = "<group>"; };
		0DCE2F0B1FBCDE44001A30EA /* Info.plist */ = {isa = PBXFileReference; lastKnownFileType = text.plist.xml; path = Info.plist; sourceTree = "<group>"; };
		0DCE2F101FBCDE44001A30EA /* TreeClimbrTests.xctest */ = {isa = PBXFileReference; explicitFileType = wrapper.cfbundle; includeInIndex = 0; path = TreeClimbrTests.xctest; sourceTree = BUILT_PRODUCTS_DIR; };
		0DCE2F141FBCDE44001A30EA /* TreeClimbrTests.swift */ = {isa = PBXFileReference; lastKnownFileType = sourcecode.swift; path = TreeClimbrTests.swift; sourceTree = "<group>"; };
		0DCE2F161FBCDE44001A30EA /* Info.plist */ = {isa = PBXFileReference; lastKnownFileType = text.plist.xml; path = Info.plist; sourceTree = "<group>"; };
		0DCE2F1B1FBCDE44001A30EA /* TreeClimbrUITests.xctest */ = {isa = PBXFileReference; explicitFileType = wrapper.cfbundle; includeInIndex = 0; path = TreeClimbrUITests.xctest; sourceTree = BUILT_PRODUCTS_DIR; };
		0DCE2F1F1FBCDE44001A30EA /* TreeClimbrUITests.swift */ = {isa = PBXFileReference; lastKnownFileType = sourcecode.swift; path = TreeClimbrUITests.swift; sourceTree = "<group>"; };
		0DCE2F211FBCDE44001A30EA /* Info.plist */ = {isa = PBXFileReference; lastKnownFileType = text.plist.xml; path = Info.plist; sourceTree = "<group>"; };
		0DCE2F2D1FBCDEE6001A30EA /* TreeDetail.storyboard */ = {isa = PBXFileReference; lastKnownFileType = file.storyboard; path = TreeDetail.storyboard; sourceTree = "<group>"; };
		0DCE2F2F1FBCDEF1001A30EA /* TreeList.storyboard */ = {isa = PBXFileReference; lastKnownFileType = file.storyboard; path = TreeList.storyboard; sourceTree = "<group>"; };
		0DCE2F311FBCDF04001A30EA /* TreeNew.storyboard */ = {isa = PBXFileReference; lastKnownFileType = file.storyboard; path = TreeNew.storyboard; sourceTree = "<group>"; };
		0DCE2F331FBD17B6001A30EA /* BasicTreeInfoView.xib */ = {isa = PBXFileReference; lastKnownFileType = file.xib; path = BasicTreeInfoView.xib; sourceTree = "<group>"; };
		0DCE2F351FBD183E001A30EA /* BasicTreeInfoView.swift */ = {isa = PBXFileReference; lastKnownFileType = sourcecode.swift; path = BasicTreeInfoView.swift; sourceTree = "<group>"; };
		0DF22D941FBEA64600F71C87 /* Login.storyboard */ = {isa = PBXFileReference; fileEncoding = 4; lastKnownFileType = file.storyboard; path = Login.storyboard; sourceTree = "<group>"; };
		0DF22D951FBEA64600F71C87 /* LoginViewController.swift */ = {isa = PBXFileReference; fileEncoding = 4; lastKnownFileType = sourcecode.swift; path = LoginViewController.swift; sourceTree = "<group>"; };
		0DF22D961FBEA64700F71C87 /* SignUpViewController.swift */ = {isa = PBXFileReference; fileEncoding = 4; lastKnownFileType = sourcecode.swift; path = SignUpViewController.swift; sourceTree = "<group>"; };
		22A5D969B4E14DA4F60801B7 /* Pods-TreeClimbrTests.debug.xcconfig */ = {isa = PBXFileReference; includeInIndex = 1; lastKnownFileType = text.xcconfig; name = "Pods-TreeClimbrTests.debug.xcconfig"; path = "Pods/Target Support Files/Pods-TreeClimbrTests/Pods-TreeClimbrTests.debug.xcconfig"; sourceTree = "<group>"; };
		2FF6856E586792415F41E9EA /* Pods_TreeClimbrUITests.framework */ = {isa = PBXFileReference; explicitFileType = wrapper.framework; includeInIndex = 0; path = Pods_TreeClimbrUITests.framework; sourceTree = BUILT_PRODUCTS_DIR; };
		617D2BFF4417DD4A3BDC4428 /* Pods_TreeClimbrTests.framework */ = {isa = PBXFileReference; explicitFileType = wrapper.framework; includeInIndex = 0; path = Pods_TreeClimbrTests.framework; sourceTree = BUILT_PRODUCTS_DIR; };
		618A31AA0F04F5BAEE52A1BF /* Pods-TreeClimbr.debug.xcconfig */ = {isa = PBXFileReference; includeInIndex = 1; lastKnownFileType = text.xcconfig; name = "Pods-TreeClimbr.debug.xcconfig"; path = "Pods/Target Support Files/Pods-TreeClimbr/Pods-TreeClimbr.debug.xcconfig"; sourceTree = "<group>"; };
		6A11F771686065D68482369B /* Pods-TreeClimbrUITests.release.xcconfig */ = {isa = PBXFileReference; includeInIndex = 1; lastKnownFileType = text.xcconfig; name = "Pods-TreeClimbrUITests.release.xcconfig"; path = "Pods/Target Support Files/Pods-TreeClimbrUITests/Pods-TreeClimbrUITests.release.xcconfig"; sourceTree = "<group>"; };
		7776C7761FCA3773001E3357 /* ImageUploader.swift */ = {isa = PBXFileReference; lastKnownFileType = sourcecode.swift; path = ImageUploader.swift; sourceTree = "<group>"; };
		7776C77A1FCCAC1F001E3357 /* PhotoFullScreenViewController.swift */ = {isa = PBXFileReference; fileEncoding = 4; lastKnownFileType = sourcecode.swift; path = PhotoFullScreenViewController.swift; sourceTree = "<group>"; };
		7DF90D628009B2667CE2A69C /* Pods-TreeClimbrTests.release.xcconfig */ = {isa = PBXFileReference; includeInIndex = 1; lastKnownFileType = text.xcconfig; name = "Pods-TreeClimbrTests.release.xcconfig"; path = "Pods/Target Support Files/Pods-TreeClimbrTests/Pods-TreeClimbrTests.release.xcconfig"; sourceTree = "<group>"; };
		BC0E58522D0F36B7F2A1141D /* Pods-TreeClimbrUITests.debug.xcconfig */ = {isa = PBXFileReference; includeInIndex = 1; lastKnownFileType = text.xcconfig; name = "Pods-TreeClimbrUITests.debug.xcconfig"; path = "Pods/Target Support Files/Pods-TreeClimbrUITests/Pods-TreeClimbrUITests.debug.xcconfig"; sourceTree = "<group>"; };
		C86287D5D71F2746141347B9 /* Pods_TreeClimbr.framework */ = {isa = PBXFileReference; explicitFileType = wrapper.framework; includeInIndex = 0; path = Pods_TreeClimbr.framework; sourceTree = BUILT_PRODUCTS_DIR; };
		CA1F19082006C65900D38DE5 /* HiddenUsers.storyboard */ = {isa = PBXFileReference; lastKnownFileType = file.storyboard; path = HiddenUsers.storyboard; sourceTree = "<group>"; };
		CA1F190A2006C84F00D38DE5 /* HiddenUsersTableViewCell.swift */ = {isa = PBXFileReference; lastKnownFileType = sourcecode.swift; path = HiddenUsersTableViewCell.swift; sourceTree = "<group>"; };
		CA1F190C2006C9C000D38DE5 /* HiddenUsersViewController.swift */ = {isa = PBXFileReference; lastKnownFileType = sourcecode.swift; path = HiddenUsersViewController.swift; sourceTree = "<group>"; };
		CADBDECD2010242C0002750C /* VerifyUserDelegate.swift */ = {isa = PBXFileReference; lastKnownFileType = sourcecode.swift; path = VerifyUserDelegate.swift; sourceTree = "<group>"; };
		E6051A6F20052F9800C9B288 /* ReportInappropriate.swift */ = {isa = PBXFileReference; lastKnownFileType = sourcecode.swift; path = ReportInappropriate.swift; sourceTree = "<group>"; };
		E6051A712005304100C9B288 /* MessageUI.framework */ = {isa = PBXFileReference; lastKnownFileType = wrapper.framework; name = MessageUI.framework; path = System/Library/Frameworks/MessageUI.framework; sourceTree = SDKROOT; };
		E62F1840200FDA89005C7999 /* TreeClimbr.entitlements */ = {isa = PBXFileReference; lastKnownFileType = text.plist.entitlements; path = TreeClimbr.entitlements; sourceTree = "<group>"; };
		E6C423B42006AF4F00BB823B /* HiddenUsersManager.swift */ = {isa = PBXFileReference; fileEncoding = 4; lastKnownFileType = sourcecode.swift; path = HiddenUsersManager.swift; sourceTree = "<group>"; };
		E6C423B62006B21C00BB823B /* Settings.storyboard */ = {isa = PBXFileReference; lastKnownFileType = file.storyboard; path = Settings.storyboard; sourceTree = "<group>"; };
		E6C423BB2006B3A900BB823B /* SettingsViewController.swift */ = {isa = PBXFileReference; lastKnownFileType = sourcecode.swift; path = SettingsViewController.swift; sourceTree = "<group>"; };
		E6CE28BF1FBF76E2006ABDAB /* TreeNewViewController.swift */ = {isa = PBXFileReference; lastKnownFileType = sourcecode.swift; path = TreeNewViewController.swift; sourceTree = "<group>"; };
		E6CE28C11FBFBB5F006ABDAB /* RegisterClass.swift */ = {isa = PBXFileReference; fileEncoding = 4; lastKnownFileType = sourcecode.swift; path = RegisterClass.swift; sourceTree = "<group>"; };
		E6CE28C21FBFBB5F006ABDAB /* AlertShow.swift */ = {isa = PBXFileReference; fileEncoding = 4; lastKnownFileType = sourcecode.swift; path = AlertShow.swift; sourceTree = "<group>"; };
		E6CE28C31FBFBB5F006ABDAB /* User.swift */ = {isa = PBXFileReference; fileEncoding = 4; lastKnownFileType = sourcecode.swift; path = User.swift; sourceTree = "<group>"; };
		E6CE28C41FBFBB5F006ABDAB /* AppData.swift */ = {isa = PBXFileReference; fileEncoding = 4; lastKnownFileType = sourcecode.swift; path = AppData.swift; sourceTree = "<group>"; };
		E6CE28C51FBFBB5F006ABDAB /* Tree.swift */ = {isa = PBXFileReference; fileEncoding = 4; lastKnownFileType = sourcecode.swift; path = Tree.swift; sourceTree = "<group>"; };
		E6CE28CB1FBFBBC6006ABDAB /* GoogleService-Info.plist */ = {isa = PBXFileReference; fileEncoding = 4; lastKnownFileType = text.plist.xml; path = "GoogleService-Info.plist"; sourceTree = "<group>"; };
		E6CE28D91FBFC233006ABDAB /* TreeListViewController.swift */ = {isa = PBXFileReference; lastKnownFileType = sourcecode.swift; path = TreeListViewController.swift; sourceTree = "<group>"; };
		E6D5CF3C1FCCE1A200568764 /* UserTreesManager.swift */ = {isa = PBXFileReference; lastKnownFileType = sourcecode.swift; path = UserTreesManager.swift; sourceTree = "<group>"; };
		E6D66C181FC0E2C9001B5C52 /* SaveTree.swift */ = {isa = PBXFileReference; fileEncoding = 4; lastKnownFileType = sourcecode.swift; path = SaveTree.swift; sourceTree = "<group>"; };
		E6D66C1A1FC0E2DC001B5C52 /* LoadTrees.swift */ = {isa = PBXFileReference; lastKnownFileType = sourcecode.swift; path = LoadTrees.swift; sourceTree = "<group>"; };
		E6D66C1C1FC0E573001B5C52 /* ReadTrees.swift */ = {isa = PBXFileReference; lastKnownFileType = sourcecode.swift; path = ReadTrees.swift; sourceTree = "<group>"; };
		E6DA00B11FCA23BD00DDE91D /* FavouritesManager.swift */ = {isa = PBXFileReference; lastKnownFileType = sourcecode.swift; path = FavouritesManager.swift; sourceTree = "<group>"; };
		E6E1E4941FC4D4D1000F42CB /* AboutViewController.swift */ = {isa = PBXFileReference; lastKnownFileType = sourcecode.swift; path = AboutViewController.swift; sourceTree = "<group>"; };
		E6E1E4961FC4D4E2000F42CB /* CommentViewController.swift */ = {isa = PBXFileReference; lastKnownFileType = sourcecode.swift; path = CommentViewController.swift; sourceTree = "<group>"; };
		E6E1E4981FC4D4FB000F42CB /* PhotosViewController.swift */ = {isa = PBXFileReference; lastKnownFileType = sourcecode.swift; path = PhotosViewController.swift; sourceTree = "<group>"; };
		E6E1E49B1FC63DBA000F42CB /* CommentTableViewCell.swift */ = {isa = PBXFileReference; lastKnownFileType = sourcecode.swift; path = CommentTableViewCell.swift; sourceTree = "<group>"; };
		E6E1E49D1FC6516A000F42CB /* BasicPhotoCollectionViewCell.swift */ = {isa = PBXFileReference; fileEncoding = 4; lastKnownFileType = sourcecode.swift; path = BasicPhotoCollectionViewCell.swift; sourceTree = "<group>"; };
		FD9C6F42900DD93E9DC4842B /* Pods-TreeClimbr.release.xcconfig */ = {isa = PBXFileReference; includeInIndex = 1; lastKnownFileType = text.xcconfig; name = "Pods-TreeClimbr.release.xcconfig"; path = "Pods/Target Support Files/Pods-TreeClimbr/Pods-TreeClimbr.release.xcconfig"; sourceTree = "<group>"; };
/* End PBXFileReference section */

/* Begin PBXFrameworksBuildPhase section */
		0DCE2EF91FBCDE44001A30EA /* Frameworks */ = {
			isa = PBXFrameworksBuildPhase;
			buildActionMask = 2147483647;
			files = (
				E6051A722005304100C9B288 /* MessageUI.framework in Frameworks */,
				A2ED1A78AF63651B5DC3ACE2 /* Pods_TreeClimbr.framework in Frameworks */,
			);
			runOnlyForDeploymentPostprocessing = 0;
		};
		0DCE2F0D1FBCDE44001A30EA /* Frameworks */ = {
			isa = PBXFrameworksBuildPhase;
			buildActionMask = 2147483647;
			files = (
				6FC054FD743C5A5CEA4AAC9A /* Pods_TreeClimbrTests.framework in Frameworks */,
			);
			runOnlyForDeploymentPostprocessing = 0;
		};
		0DCE2F181FBCDE44001A30EA /* Frameworks */ = {
			isa = PBXFrameworksBuildPhase;
			buildActionMask = 2147483647;
			files = (
				22069F8397656E85143983BB /* Pods_TreeClimbrUITests.framework in Frameworks */,
			);
			runOnlyForDeploymentPostprocessing = 0;
		};
/* End PBXFrameworksBuildPhase section */

/* Begin PBXGroup section */
		0DCE2EF31FBCDE44001A30EA = {
			isa = PBXGroup;
			children = (
				0DCE2EFE1FBCDE44001A30EA /* TreeClimbr */,
				0DCE2F131FBCDE44001A30EA /* TreeClimbrTests */,
				0DCE2F1E1FBCDE44001A30EA /* TreeClimbrUITests */,
				0DCE2EFD1FBCDE44001A30EA /* Products */,
				9FAA233217A5572C1098103F /* Pods */,
				484DE440CE7AFA1FBF020362 /* Frameworks */,
			);
			sourceTree = "<group>";
		};
		0DCE2EFD1FBCDE44001A30EA /* Products */ = {
			isa = PBXGroup;
			children = (
				0DCE2EFC1FBCDE44001A30EA /* TreeClimbr.app */,
				0DCE2F101FBCDE44001A30EA /* TreeClimbrTests.xctest */,
				0DCE2F1B1FBCDE44001A30EA /* TreeClimbrUITests.xctest */,
			);
			name = Products;
			sourceTree = "<group>";
		};
		0DCE2EFE1FBCDE44001A30EA /* TreeClimbr */ = {
			isa = PBXGroup;
			children = (
				E62F1840200FDA89005C7999 /* TreeClimbr.entitlements */,
				E6C423B82006B22800BB823B /* Settings */,
				E6E1E48F1FC4B68B000F42CB /* SegmentedViewControllers */,
				E6E1E49A1FC616EC000F42CB /* MapView */,
				E6DA00B11FCA23BD00DDE91D /* FavouritesManager.swift */,
				E6E1E49D1FC6516A000F42CB /* BasicPhotoCollectionViewCell.swift */,
				7776C77A1FCCAC1F001E3357 /* PhotoFullScreenViewController.swift */,
				0DA72E891FCA6C4400475FBF /* PhotoFullScreen.storyboard */,
				0DCE2F2D1FBCDEE6001A30EA /* TreeDetail.storyboard */,
				0D49A58B1FC2638100350FE5 /* TreeDetailViewController.swift */,
				E6CE28C41FBFBB5F006ABDAB /* AppData.swift */,
				0D0D0D721FC624BF00C84F1D /* CommentManager.swift */,
				E6D5CF3C1FCCE1A200568764 /* UserTreesManager.swift */,
				0D132CFB1FC75AA800C63AC0 /* PhotoManager.swift */,
				E6D66C181FC0E2C9001B5C52 /* SaveTree.swift */,
				E6D66C1C1FC0E573001B5C52 /* ReadTrees.swift */,
				E6D66C1A1FC0E2DC001B5C52 /* LoadTrees.swift */,
				E6CE28C21FBFBB5F006ABDAB /* AlertShow.swift */,
				E6CE28C11FBFBB5F006ABDAB /* RegisterClass.swift */,
				0D0BD53E1FBFBFED004D0FAE /* ReadWrite.swift */,
				E6CE28C51FBFBB5F006ABDAB /* Tree.swift */,
				E6051A6F20052F9800C9B288 /* ReportInappropriate.swift */,
				0D0D0D701FC621A500C84F1D /* Comment.swift */,
				E6CE28C31FBFBB5F006ABDAB /* User.swift */,
				0D0D0D6E1FC61B5E00C84F1D /* Photo.swift */,
				0DBF019D1FBF6A4200ACBB61 /* SignUpView.storyboard */,
				0DF22D961FBEA64700F71C87 /* SignUpViewController.swift */,
				0DF22D941FBEA64600F71C87 /* Login.storyboard */,
				0DF22D951FBEA64600F71C87 /* LoginViewController.swift */,
				0D503A251FBFCEAF00B031F8 /* LoginClass.swift */,
				CADBDECD2010242C0002750C /* VerifyUserDelegate.swift */,
				0DCE2EFF1FBCDE44001A30EA /* AppDelegate.swift */,
				0D49A58D1FC26FBD00350FE5 /* TreeAnnotation.swift */,
				0D49A58F1FC27A9700350FE5 /* TreeAnnotationView.swift */,
				0DCE2F2F1FBCDEF1001A30EA /* TreeList.storyboard */,
				E6CE28D91FBFC233006ABDAB /* TreeListViewController.swift */,
				0D3579021FC3BAFE00F779DB /* BasicTreeTableViewCell.swift */,
				0DCE2F311FBCDF04001A30EA /* TreeNew.storyboard */,
				E6CE28BF1FBF76E2006ABDAB /* TreeNewViewController.swift */,
				7776C7761FCA3773001E3357 /* ImageUploader.swift */,
				0DCE2F331FBD17B6001A30EA /* BasicTreeInfoView.xib */,
				0DCE2F351FBD183E001A30EA /* BasicTreeInfoView.swift */,
				0DCE2F061FBCDE44001A30EA /* Assets.xcassets */,
				0DCE2F081FBCDE44001A30EA /* LaunchScreen.storyboard */,
				E6CE28CB1FBFBBC6006ABDAB /* GoogleService-Info.plist */,
				0DCE2F0B1FBCDE44001A30EA /* Info.plist */,
			);
			path = TreeClimbr;
			sourceTree = "<group>";
		};
		0DCE2F131FBCDE44001A30EA /* TreeClimbrTests */ = {
			isa = PBXGroup;
			children = (
				0DCE2F141FBCDE44001A30EA /* TreeClimbrTests.swift */,
				0DCE2F161FBCDE44001A30EA /* Info.plist */,
			);
			path = TreeClimbrTests;
			sourceTree = "<group>";
		};
		0DCE2F1E1FBCDE44001A30EA /* TreeClimbrUITests */ = {
			isa = PBXGroup;
			children = (
				0DCE2F1F1FBCDE44001A30EA /* TreeClimbrUITests.swift */,
				0DCE2F211FBCDE44001A30EA /* Info.plist */,
			);
			path = TreeClimbrUITests;
			sourceTree = "<group>";
		};
		484DE440CE7AFA1FBF020362 /* Frameworks */ = {
			isa = PBXGroup;
			children = (
				E6051A712005304100C9B288 /* MessageUI.framework */,
				C86287D5D71F2746141347B9 /* Pods_TreeClimbr.framework */,
				617D2BFF4417DD4A3BDC4428 /* Pods_TreeClimbrTests.framework */,
				2FF6856E586792415F41E9EA /* Pods_TreeClimbrUITests.framework */,
			);
			name = Frameworks;
			sourceTree = "<group>";
		};
		9FAA233217A5572C1098103F /* Pods */ = {
			isa = PBXGroup;
			children = (
				618A31AA0F04F5BAEE52A1BF /* Pods-TreeClimbr.debug.xcconfig */,
				FD9C6F42900DD93E9DC4842B /* Pods-TreeClimbr.release.xcconfig */,
				22A5D969B4E14DA4F60801B7 /* Pods-TreeClimbrTests.debug.xcconfig */,
				7DF90D628009B2667CE2A69C /* Pods-TreeClimbrTests.release.xcconfig */,
				BC0E58522D0F36B7F2A1141D /* Pods-TreeClimbrUITests.debug.xcconfig */,
				6A11F771686065D68482369B /* Pods-TreeClimbrUITests.release.xcconfig */,
			);
			name = Pods;
			sourceTree = "<group>";
		};
		E6C423B82006B22800BB823B /* Settings */ = {
			isa = PBXGroup;
			children = (
				E6C423B62006B21C00BB823B /* Settings.storyboard */,
				E6C423BB2006B3A900BB823B /* SettingsViewController.swift */,
				E6C423B42006AF4F00BB823B /* HiddenUsersManager.swift */,
				CA1F19082006C65900D38DE5 /* HiddenUsers.storyboard */,
				CA1F190C2006C9C000D38DE5 /* HiddenUsersViewController.swift */,
				CA1F190A2006C84F00D38DE5 /* HiddenUsersTableViewCell.swift */,
			);
			path = Settings;
			sourceTree = "<group>";
		};
		E6E1E48F1FC4B68B000F42CB /* SegmentedViewControllers */ = {
			isa = PBXGroup;
			children = (
				E6E1E4941FC4D4D1000F42CB /* AboutViewController.swift */,
				E6E1E4961FC4D4E2000F42CB /* CommentViewController.swift */,
				E6E1E49B1FC63DBA000F42CB /* CommentTableViewCell.swift */,
				E6E1E4981FC4D4FB000F42CB /* PhotosViewController.swift */,
			);
			path = SegmentedViewControllers;
			sourceTree = "<group>";
		};
		E6E1E49A1FC616EC000F42CB /* MapView */ = {
			isa = PBXGroup;
			children = (
				0DCE2F011FBCDE44001A30EA /* ViewController.swift */,
				0DCE2F031FBCDE44001A30EA /* Main.storyboard */,
			);
			path = MapView;
			sourceTree = "<group>";
		};
/* End PBXGroup section */

/* Begin PBXNativeTarget section */
		0DCE2EFB1FBCDE44001A30EA /* TreeClimbr */ = {
			isa = PBXNativeTarget;
			buildConfigurationList = 0DCE2F241FBCDE44001A30EA /* Build configuration list for PBXNativeTarget "TreeClimbr" */;
			buildPhases = (
				AF4794507172BB7CB1E64794 /* [CP] Check Pods Manifest.lock */,
				0DCE2EF81FBCDE44001A30EA /* Sources */,
				0DCE2EF91FBCDE44001A30EA /* Frameworks */,
				0DCE2EFA1FBCDE44001A30EA /* Resources */,
				6A063A0D5FC49B6CE8EB9F29 /* [CP] Embed Pods Frameworks */,
				EDFC16F2C7AC127410304F40 /* [CP] Copy Pods Resources */,
			);
			buildRules = (
			);
			dependencies = (
			);
			name = TreeClimbr;
			productName = TreeClimbr;
			productReference = 0DCE2EFC1FBCDE44001A30EA /* TreeClimbr.app */;
			productType = "com.apple.product-type.application";
		};
		0DCE2F0F1FBCDE44001A30EA /* TreeClimbrTests */ = {
			isa = PBXNativeTarget;
			buildConfigurationList = 0DCE2F271FBCDE44001A30EA /* Build configuration list for PBXNativeTarget "TreeClimbrTests" */;
			buildPhases = (
				551B4644CBFC6C21BD880D5C /* [CP] Check Pods Manifest.lock */,
				0DCE2F0C1FBCDE44001A30EA /* Sources */,
				0DCE2F0D1FBCDE44001A30EA /* Frameworks */,
				0DCE2F0E1FBCDE44001A30EA /* Resources */,
				18C722F9FB685AC4F0E67FF1 /* [CP] Embed Pods Frameworks */,
				A3E3982C3AF8A1397E943E7F /* [CP] Copy Pods Resources */,
			);
			buildRules = (
			);
			dependencies = (
				0DCE2F121FBCDE44001A30EA /* PBXTargetDependency */,
			);
			name = TreeClimbrTests;
			productName = TreeClimbrTests;
			productReference = 0DCE2F101FBCDE44001A30EA /* TreeClimbrTests.xctest */;
			productType = "com.apple.product-type.bundle.unit-test";
		};
		0DCE2F1A1FBCDE44001A30EA /* TreeClimbrUITests */ = {
			isa = PBXNativeTarget;
			buildConfigurationList = 0DCE2F2A1FBCDE44001A30EA /* Build configuration list for PBXNativeTarget "TreeClimbrUITests" */;
			buildPhases = (
				A7E451E09C998B333E270BC4 /* [CP] Check Pods Manifest.lock */,
				0DCE2F171FBCDE44001A30EA /* Sources */,
				0DCE2F181FBCDE44001A30EA /* Frameworks */,
				0DCE2F191FBCDE44001A30EA /* Resources */,
				F82FCABC4516B7CBE7841864 /* [CP] Embed Pods Frameworks */,
				DAC73157E5AADB52FB798273 /* [CP] Copy Pods Resources */,
			);
			buildRules = (
			);
			dependencies = (
				0DCE2F1D1FBCDE44001A30EA /* PBXTargetDependency */,
			);
			name = TreeClimbrUITests;
			productName = TreeClimbrUITests;
			productReference = 0DCE2F1B1FBCDE44001A30EA /* TreeClimbrUITests.xctest */;
			productType = "com.apple.product-type.bundle.ui-testing";
		};
/* End PBXNativeTarget section */

/* Begin PBXProject section */
		0DCE2EF41FBCDE44001A30EA /* Project object */ = {
			isa = PBXProject;
			attributes = {
				LastSwiftUpdateCheck = 0900;
				LastUpgradeCheck = 0900;
				ORGANIZATIONNAME = "Mar Koss";
				TargetAttributes = {
					0DCE2EFB1FBCDE44001A30EA = {
						CreatedOnToolsVersion = 9.0;
						ProvisioningStyle = Automatic;
						SystemCapabilities = {
							com.apple.InAppPurchase = {
								enabled = 0;
							};
							com.apple.Keychain = {
								enabled = 1;
							};
						};
					};
					0DCE2F0F1FBCDE44001A30EA = {
						CreatedOnToolsVersion = 9.0;
						ProvisioningStyle = Automatic;
						TestTargetID = 0DCE2EFB1FBCDE44001A30EA;
					};
					0DCE2F1A1FBCDE44001A30EA = {
						CreatedOnToolsVersion = 9.0;
						ProvisioningStyle = Automatic;
						TestTargetID = 0DCE2EFB1FBCDE44001A30EA;
					};
				};
			};
			buildConfigurationList = 0DCE2EF71FBCDE44001A30EA /* Build configuration list for PBXProject "TreeClimbr" */;
			compatibilityVersion = "Xcode 8.0";
			developmentRegion = en;
			hasScannedForEncodings = 0;
			knownRegions = (
				en,
				Base,
			);
			mainGroup = 0DCE2EF31FBCDE44001A30EA;
			productRefGroup = 0DCE2EFD1FBCDE44001A30EA /* Products */;
			projectDirPath = "";
			projectRoot = "";
			targets = (
				0DCE2EFB1FBCDE44001A30EA /* TreeClimbr */,
				0DCE2F0F1FBCDE44001A30EA /* TreeClimbrTests */,
				0DCE2F1A1FBCDE44001A30EA /* TreeClimbrUITests */,
			);
		};
/* End PBXProject section */

/* Begin PBXResourcesBuildPhase section */
		0DCE2EFA1FBCDE44001A30EA /* Resources */ = {
			isa = PBXResourcesBuildPhase;
			buildActionMask = 2147483647;
			files = (
				0DF22D971FBEA64800F71C87 /* Login.storyboard in Resources */,
				0DCE2F0A1FBCDE44001A30EA /* LaunchScreen.storyboard in Resources */,
				0DCE2F321FBCDF04001A30EA /* TreeNew.storyboard in Resources */,
				E6C423B72006B21C00BB823B /* Settings.storyboard in Resources */,
				0DCE2F301FBCDEF1001A30EA /* TreeList.storyboard in Resources */,
				0DCE2F071FBCDE44001A30EA /* Assets.xcassets in Resources */,
				0DBF019E1FBF6A4200ACBB61 /* SignUpView.storyboard in Resources */,
				0DA72E8A1FCA6C4400475FBF /* PhotoFullScreen.storyboard in Resources */,
				0DCE2F051FBCDE44001A30EA /* Main.storyboard in Resources */,
				E6CE28CC1FBFBBC6006ABDAB /* GoogleService-Info.plist in Resources */,
				CA1F19092006C65900D38DE5 /* HiddenUsers.storyboard in Resources */,
				0DCE2F341FBD17B6001A30EA /* BasicTreeInfoView.xib in Resources */,
				0DCE2F2E1FBCDEE6001A30EA /* TreeDetail.storyboard in Resources */,
			);
			runOnlyForDeploymentPostprocessing = 0;
		};
		0DCE2F0E1FBCDE44001A30EA /* Resources */ = {
			isa = PBXResourcesBuildPhase;
			buildActionMask = 2147483647;
			files = (
			);
			runOnlyForDeploymentPostprocessing = 0;
		};
		0DCE2F191FBCDE44001A30EA /* Resources */ = {
			isa = PBXResourcesBuildPhase;
			buildActionMask = 2147483647;
			files = (
			);
			runOnlyForDeploymentPostprocessing = 0;
		};
/* End PBXResourcesBuildPhase section */

/* Begin PBXShellScriptBuildPhase section */
		18C722F9FB685AC4F0E67FF1 /* [CP] Embed Pods Frameworks */ = {
			isa = PBXShellScriptBuildPhase;
			buildActionMask = 2147483647;
			files = (
			);
			inputPaths = (
			);
			name = "[CP] Embed Pods Frameworks";
			outputPaths = (
			);
			runOnlyForDeploymentPostprocessing = 0;
			shellPath = /bin/sh;
			shellScript = "\"${SRCROOT}/Pods/Target Support Files/Pods-TreeClimbrTests/Pods-TreeClimbrTests-frameworks.sh\"\n";
			showEnvVarsInLog = 0;
		};
		551B4644CBFC6C21BD880D5C /* [CP] Check Pods Manifest.lock */ = {
			isa = PBXShellScriptBuildPhase;
			buildActionMask = 2147483647;
			files = (
			);
			inputPaths = (
				"${PODS_PODFILE_DIR_PATH}/Podfile.lock",
				"${PODS_ROOT}/Manifest.lock",
			);
			name = "[CP] Check Pods Manifest.lock";
			outputPaths = (
				"$(DERIVED_FILE_DIR)/Pods-TreeClimbrTests-checkManifestLockResult.txt",
			);
			runOnlyForDeploymentPostprocessing = 0;
			shellPath = /bin/sh;
			shellScript = "diff \"${PODS_PODFILE_DIR_PATH}/Podfile.lock\" \"${PODS_ROOT}/Manifest.lock\" > /dev/null\nif [ $? != 0 ] ; then\n    # print error to STDERR\n    echo \"error: The sandbox is not in sync with the Podfile.lock. Run 'pod install' or update your CocoaPods installation.\" >&2\n    exit 1\nfi\n# This output is used by Xcode 'outputs' to avoid re-running this script phase.\necho \"SUCCESS\" > \"${SCRIPT_OUTPUT_FILE_0}\"\n";
			showEnvVarsInLog = 0;
		};
		6A063A0D5FC49B6CE8EB9F29 /* [CP] Embed Pods Frameworks */ = {
			isa = PBXShellScriptBuildPhase;
			buildActionMask = 2147483647;
			files = (
			);
			inputPaths = (
				"${SRCROOT}/Pods/Target Support Files/Pods-TreeClimbr/Pods-TreeClimbr-frameworks.sh",
				"${BUILT_PRODUCTS_DIR}/GTMSessionFetcher/GTMSessionFetcher.framework",
				"${BUILT_PRODUCTS_DIR}/GoogleToolboxForMac/GoogleToolboxForMac.framework",
				"${BUILT_PRODUCTS_DIR}/IQKeyboardManagerSwift/IQKeyboardManagerSwift.framework",
				"${BUILT_PRODUCTS_DIR}/ImagePicker/ImagePicker.framework",
				"${BUILT_PRODUCTS_DIR}/SDWebImage/SDWebImage.framework",
				"${BUILT_PRODUCTS_DIR}/leveldb-library/leveldb.framework",
				"${BUILT_PRODUCTS_DIR}/nanopb/nanopb.framework",
			);
			name = "[CP] Embed Pods Frameworks";
			outputPaths = (
				"${TARGET_BUILD_DIR}/${FRAMEWORKS_FOLDER_PATH}/GTMSessionFetcher.framework",
				"${TARGET_BUILD_DIR}/${FRAMEWORKS_FOLDER_PATH}/GoogleToolboxForMac.framework",
				"${TARGET_BUILD_DIR}/${FRAMEWORKS_FOLDER_PATH}/IQKeyboardManagerSwift.framework",
				"${TARGET_BUILD_DIR}/${FRAMEWORKS_FOLDER_PATH}/ImagePicker.framework",
				"${TARGET_BUILD_DIR}/${FRAMEWORKS_FOLDER_PATH}/SDWebImage.framework",
				"${TARGET_BUILD_DIR}/${FRAMEWORKS_FOLDER_PATH}/leveldb.framework",
				"${TARGET_BUILD_DIR}/${FRAMEWORKS_FOLDER_PATH}/nanopb.framework",
			);
			runOnlyForDeploymentPostprocessing = 0;
			shellPath = /bin/sh;
			shellScript = "\"${SRCROOT}/Pods/Target Support Files/Pods-TreeClimbr/Pods-TreeClimbr-frameworks.sh\"\n";
			showEnvVarsInLog = 0;
		};
		A3E3982C3AF8A1397E943E7F /* [CP] Copy Pods Resources */ = {
			isa = PBXShellScriptBuildPhase;
			buildActionMask = 2147483647;
			files = (
			);
			inputPaths = (
			);
			name = "[CP] Copy Pods Resources";
			outputPaths = (
			);
			runOnlyForDeploymentPostprocessing = 0;
			shellPath = /bin/sh;
			shellScript = "\"${SRCROOT}/Pods/Target Support Files/Pods-TreeClimbrTests/Pods-TreeClimbrTests-resources.sh\"\n";
			showEnvVarsInLog = 0;
		};
		A7E451E09C998B333E270BC4 /* [CP] Check Pods Manifest.lock */ = {
			isa = PBXShellScriptBuildPhase;
			buildActionMask = 2147483647;
			files = (
			);
			inputPaths = (
				"${PODS_PODFILE_DIR_PATH}/Podfile.lock",
				"${PODS_ROOT}/Manifest.lock",
			);
			name = "[CP] Check Pods Manifest.lock";
			outputPaths = (
				"$(DERIVED_FILE_DIR)/Pods-TreeClimbrUITests-checkManifestLockResult.txt",
			);
			runOnlyForDeploymentPostprocessing = 0;
			shellPath = /bin/sh;
			shellScript = "diff \"${PODS_PODFILE_DIR_PATH}/Podfile.lock\" \"${PODS_ROOT}/Manifest.lock\" > /dev/null\nif [ $? != 0 ] ; then\n    # print error to STDERR\n    echo \"error: The sandbox is not in sync with the Podfile.lock. Run 'pod install' or update your CocoaPods installation.\" >&2\n    exit 1\nfi\n# This output is used by Xcode 'outputs' to avoid re-running this script phase.\necho \"SUCCESS\" > \"${SCRIPT_OUTPUT_FILE_0}\"\n";
			showEnvVarsInLog = 0;
		};
		AF4794507172BB7CB1E64794 /* [CP] Check Pods Manifest.lock */ = {
			isa = PBXShellScriptBuildPhase;
			buildActionMask = 2147483647;
			files = (
			);
			inputPaths = (
				"${PODS_PODFILE_DIR_PATH}/Podfile.lock",
				"${PODS_ROOT}/Manifest.lock",
			);
			name = "[CP] Check Pods Manifest.lock";
			outputPaths = (
				"$(DERIVED_FILE_DIR)/Pods-TreeClimbr-checkManifestLockResult.txt",
			);
			runOnlyForDeploymentPostprocessing = 0;
			shellPath = /bin/sh;
			shellScript = "diff \"${PODS_PODFILE_DIR_PATH}/Podfile.lock\" \"${PODS_ROOT}/Manifest.lock\" > /dev/null\nif [ $? != 0 ] ; then\n    # print error to STDERR\n    echo \"error: The sandbox is not in sync with the Podfile.lock. Run 'pod install' or update your CocoaPods installation.\" >&2\n    exit 1\nfi\n# This output is used by Xcode 'outputs' to avoid re-running this script phase.\necho \"SUCCESS\" > \"${SCRIPT_OUTPUT_FILE_0}\"\n";
			showEnvVarsInLog = 0;
		};
		DAC73157E5AADB52FB798273 /* [CP] Copy Pods Resources */ = {
			isa = PBXShellScriptBuildPhase;
			buildActionMask = 2147483647;
			files = (
			);
			inputPaths = (
			);
			name = "[CP] Copy Pods Resources";
			outputPaths = (
			);
			runOnlyForDeploymentPostprocessing = 0;
			shellPath = /bin/sh;
			shellScript = "\"${SRCROOT}/Pods/Target Support Files/Pods-TreeClimbrUITests/Pods-TreeClimbrUITests-resources.sh\"\n";
			showEnvVarsInLog = 0;
		};
		EDFC16F2C7AC127410304F40 /* [CP] Copy Pods Resources */ = {
			isa = PBXShellScriptBuildPhase;
			buildActionMask = 2147483647;
			files = (
			);
			inputPaths = (
			);
			name = "[CP] Copy Pods Resources";
			outputPaths = (
			);
			runOnlyForDeploymentPostprocessing = 0;
			shellPath = /bin/sh;
			shellScript = "\"${SRCROOT}/Pods/Target Support Files/Pods-TreeClimbr/Pods-TreeClimbr-resources.sh\"\n";
			showEnvVarsInLog = 0;
		};
		F82FCABC4516B7CBE7841864 /* [CP] Embed Pods Frameworks */ = {
			isa = PBXShellScriptBuildPhase;
			buildActionMask = 2147483647;
			files = (
			);
			inputPaths = (
			);
			name = "[CP] Embed Pods Frameworks";
			outputPaths = (
			);
			runOnlyForDeploymentPostprocessing = 0;
			shellPath = /bin/sh;
			shellScript = "\"${SRCROOT}/Pods/Target Support Files/Pods-TreeClimbrUITests/Pods-TreeClimbrUITests-frameworks.sh\"\n";
			showEnvVarsInLog = 0;
		};
/* End PBXShellScriptBuildPhase section */

/* Begin PBXSourcesBuildPhase section */
		0DCE2EF81FBCDE44001A30EA /* Sources */ = {
			isa = PBXSourcesBuildPhase;
			buildActionMask = 2147483647;
			files = (
				E6E1E4971FC4D4E2000F42CB /* CommentViewController.swift in Sources */,
				E6D66C1D1FC0E573001B5C52 /* ReadTrees.swift in Sources */,
				0DF22D981FBEA64800F71C87 /* LoginViewController.swift in Sources */,
				E6E1E4951FC4D4D1000F42CB /* AboutViewController.swift in Sources */,
				E6C423B52006AF5000BB823B /* HiddenUsersManager.swift in Sources */,
				E6CE28C01FBF76E2006ABDAB /* TreeNewViewController.swift in Sources */,
				0D0D0D731FC624BF00C84F1D /* CommentManager.swift in Sources */,
				7776C7771FCA3773001E3357 /* ImageUploader.swift in Sources */,
				E6E1E49C1FC63DBA000F42CB /* CommentTableViewCell.swift in Sources */,
				E6051A7020052F9800C9B288 /* ReportInappropriate.swift in Sources */,
				0D0D0D6F1FC61B5E00C84F1D /* Photo.swift in Sources */,
				0DCE2F021FBCDE44001A30EA /* ViewController.swift in Sources */,
				7776C77B1FCCAC20001E3357 /* PhotoFullScreenViewController.swift in Sources */,
				0D132CFC1FC75AA800C63AC0 /* PhotoManager.swift in Sources */,
				0D2798C71FC3971E004C1B00 /* SaveTree.swift in Sources */,
				E6CE28C71FBFBB5F006ABDAB /* AlertShow.swift in Sources */,
				0DCE2F001FBCDE44001A30EA /* AppDelegate.swift in Sources */,
				E6E1E4991FC4D4FB000F42CB /* PhotosViewController.swift in Sources */,
				CADBDECE2010242C0002750C /* VerifyUserDelegate.swift in Sources */,
				0D49A58E1FC26FBD00350FE5 /* TreeAnnotation.swift in Sources */,
				0D0BD53F1FBFBFED004D0FAE /* ReadWrite.swift in Sources */,
				E6D5CF3D1FCCE1A200568764 /* UserTreesManager.swift in Sources */,
				E6E1E49E1FC6516A000F42CB /* BasicPhotoCollectionViewCell.swift in Sources */,
				CA1F190D2006C9C000D38DE5 /* HiddenUsersViewController.swift in Sources */,
				0D503A261FBFCEAF00B031F8 /* LoginClass.swift in Sources */,
				E6CE28C81FBFBB5F006ABDAB /* User.swift in Sources */,
				E6CE28CA1FBFBB5F006ABDAB /* Tree.swift in Sources */,
				E6C423BC2006B3A900BB823B /* SettingsViewController.swift in Sources */,
				E6DA00B21FCA23BD00DDE91D /* FavouritesManager.swift in Sources */,
				0DCE2F361FBD183E001A30EA /* BasicTreeInfoView.swift in Sources */,
				0D3579031FC3BAFE00F779DB /* BasicTreeTableViewCell.swift in Sources */,
				0D49A5901FC27A9700350FE5 /* TreeAnnotationView.swift in Sources */,
				E6CE28C61FBFBB5F006ABDAB /* RegisterClass.swift in Sources */,
				0D49A58C1FC2638100350FE5 /* TreeDetailViewController.swift in Sources */,
				CA1F190B2006C84F00D38DE5 /* HiddenUsersTableViewCell.swift in Sources */,
				0DF22D991FBEA64800F71C87 /* SignUpViewController.swift in Sources */,
				E6D66C1B1FC0E2DC001B5C52 /* LoadTrees.swift in Sources */,
				E6CE28DA1FBFC233006ABDAB /* TreeListViewController.swift in Sources */,
				0D0D0D711FC621A500C84F1D /* Comment.swift in Sources */,
				E6CE28C91FBFBB5F006ABDAB /* AppData.swift in Sources */,
			);
			runOnlyForDeploymentPostprocessing = 0;
		};
		0DCE2F0C1FBCDE44001A30EA /* Sources */ = {
			isa = PBXSourcesBuildPhase;
			buildActionMask = 2147483647;
			files = (
				0DCE2F151FBCDE44001A30EA /* TreeClimbrTests.swift in Sources */,
			);
			runOnlyForDeploymentPostprocessing = 0;
		};
		0DCE2F171FBCDE44001A30EA /* Sources */ = {
			isa = PBXSourcesBuildPhase;
			buildActionMask = 2147483647;
			files = (
				0DCE2F201FBCDE44001A30EA /* TreeClimbrUITests.swift in Sources */,
			);
			runOnlyForDeploymentPostprocessing = 0;
		};
/* End PBXSourcesBuildPhase section */

/* Begin PBXTargetDependency section */
		0DCE2F121FBCDE44001A30EA /* PBXTargetDependency */ = {
			isa = PBXTargetDependency;
			target = 0DCE2EFB1FBCDE44001A30EA /* TreeClimbr */;
			targetProxy = 0DCE2F111FBCDE44001A30EA /* PBXContainerItemProxy */;
		};
		0DCE2F1D1FBCDE44001A30EA /* PBXTargetDependency */ = {
			isa = PBXTargetDependency;
			target = 0DCE2EFB1FBCDE44001A30EA /* TreeClimbr */;
			targetProxy = 0DCE2F1C1FBCDE44001A30EA /* PBXContainerItemProxy */;
		};
/* End PBXTargetDependency section */

/* Begin PBXVariantGroup section */
		0DCE2F031FBCDE44001A30EA /* Main.storyboard */ = {
			isa = PBXVariantGroup;
			children = (
				0DCE2F041FBCDE44001A30EA /* Base */,
			);
			name = Main.storyboard;
			sourceTree = "<group>";
		};
		0DCE2F081FBCDE44001A30EA /* LaunchScreen.storyboard */ = {
			isa = PBXVariantGroup;
			children = (
				0DCE2F091FBCDE44001A30EA /* Base */,
			);
			name = LaunchScreen.storyboard;
			sourceTree = "<group>";
		};
/* End PBXVariantGroup section */

/* Begin XCBuildConfiguration section */
		0DCE2F221FBCDE44001A30EA /* Debug */ = {
			isa = XCBuildConfiguration;
			buildSettings = {
				ALWAYS_SEARCH_USER_PATHS = NO;
				CLANG_ANALYZER_NONNULL = YES;
				CLANG_ANALYZER_NUMBER_OBJECT_CONVERSION = YES_AGGRESSIVE;
				CLANG_CXX_LANGUAGE_STANDARD = "gnu++14";
				CLANG_CXX_LIBRARY = "libc++";
				CLANG_ENABLE_MODULES = YES;
				CLANG_ENABLE_OBJC_ARC = YES;
				CLANG_WARN_BLOCK_CAPTURE_AUTORELEASING = YES;
				CLANG_WARN_BOOL_CONVERSION = YES;
				CLANG_WARN_COMMA = YES;
				CLANG_WARN_CONSTANT_CONVERSION = YES;
				CLANG_WARN_DIRECT_OBJC_ISA_USAGE = YES_ERROR;
				CLANG_WARN_DOCUMENTATION_COMMENTS = YES;
				CLANG_WARN_EMPTY_BODY = YES;
				CLANG_WARN_ENUM_CONVERSION = YES;
				CLANG_WARN_INFINITE_RECURSION = YES;
				CLANG_WARN_INT_CONVERSION = YES;
				CLANG_WARN_NON_LITERAL_NULL_CONVERSION = YES;
				CLANG_WARN_OBJC_LITERAL_CONVERSION = YES;
				CLANG_WARN_OBJC_ROOT_CLASS = YES_ERROR;
				CLANG_WARN_RANGE_LOOP_ANALYSIS = YES;
				CLANG_WARN_STRICT_PROTOTYPES = YES;
				CLANG_WARN_SUSPICIOUS_MOVE = YES;
				CLANG_WARN_UNGUARDED_AVAILABILITY = YES_AGGRESSIVE;
				CLANG_WARN_UNREACHABLE_CODE = YES;
				CLANG_WARN__DUPLICATE_METHOD_MATCH = YES;
				CODE_SIGN_IDENTITY = "iPhone Developer";
				COPY_PHASE_STRIP = NO;
				DEBUG_INFORMATION_FORMAT = dwarf;
				DEVELOPMENT_TEAM = Y4KAZTNBPK;
				ENABLE_STRICT_OBJC_MSGSEND = YES;
				ENABLE_TESTABILITY = YES;
				GCC_C_LANGUAGE_STANDARD = gnu11;
				GCC_DYNAMIC_NO_PIC = NO;
				GCC_NO_COMMON_BLOCKS = YES;
				GCC_OPTIMIZATION_LEVEL = 0;
				GCC_PREPROCESSOR_DEFINITIONS = (
					"DEBUG=1",
					"$(inherited)",
				);
				GCC_WARN_64_TO_32_BIT_CONVERSION = YES;
				GCC_WARN_ABOUT_RETURN_TYPE = YES_ERROR;
				GCC_WARN_UNDECLARED_SELECTOR = YES;
				GCC_WARN_UNINITIALIZED_AUTOS = YES_AGGRESSIVE;
				GCC_WARN_UNUSED_FUNCTION = YES;
				GCC_WARN_UNUSED_VARIABLE = YES;
				IPHONEOS_DEPLOYMENT_TARGET = 11.1;
				MTL_ENABLE_DEBUG_INFO = YES;
				ONLY_ACTIVE_ARCH = YES;
				SDKROOT = iphoneos;
				SWIFT_ACTIVE_COMPILATION_CONDITIONS = DEBUG;
				SWIFT_OPTIMIZATION_LEVEL = "-Onone";
			};
			name = Debug;
		};
		0DCE2F231FBCDE44001A30EA /* Release */ = {
			isa = XCBuildConfiguration;
			buildSettings = {
				ALWAYS_SEARCH_USER_PATHS = NO;
				CLANG_ANALYZER_NONNULL = YES;
				CLANG_ANALYZER_NUMBER_OBJECT_CONVERSION = YES_AGGRESSIVE;
				CLANG_CXX_LANGUAGE_STANDARD = "gnu++14";
				CLANG_CXX_LIBRARY = "libc++";
				CLANG_ENABLE_MODULES = YES;
				CLANG_ENABLE_OBJC_ARC = YES;
				CLANG_WARN_BLOCK_CAPTURE_AUTORELEASING = YES;
				CLANG_WARN_BOOL_CONVERSION = YES;
				CLANG_WARN_COMMA = YES;
				CLANG_WARN_CONSTANT_CONVERSION = YES;
				CLANG_WARN_DIRECT_OBJC_ISA_USAGE = YES_ERROR;
				CLANG_WARN_DOCUMENTATION_COMMENTS = YES;
				CLANG_WARN_EMPTY_BODY = YES;
				CLANG_WARN_ENUM_CONVERSION = YES;
				CLANG_WARN_INFINITE_RECURSION = YES;
				CLANG_WARN_INT_CONVERSION = YES;
				CLANG_WARN_NON_LITERAL_NULL_CONVERSION = YES;
				CLANG_WARN_OBJC_LITERAL_CONVERSION = YES;
				CLANG_WARN_OBJC_ROOT_CLASS = YES_ERROR;
				CLANG_WARN_RANGE_LOOP_ANALYSIS = YES;
				CLANG_WARN_STRICT_PROTOTYPES = YES;
				CLANG_WARN_SUSPICIOUS_MOVE = YES;
				CLANG_WARN_UNGUARDED_AVAILABILITY = YES_AGGRESSIVE;
				CLANG_WARN_UNREACHABLE_CODE = YES;
				CLANG_WARN__DUPLICATE_METHOD_MATCH = YES;
				CODE_SIGN_IDENTITY = "iPhone Developer";
				COPY_PHASE_STRIP = NO;
				DEBUG_INFORMATION_FORMAT = "dwarf-with-dsym";
				DEVELOPMENT_TEAM = Y4KAZTNBPK;
				ENABLE_NS_ASSERTIONS = NO;
				ENABLE_STRICT_OBJC_MSGSEND = YES;
				GCC_C_LANGUAGE_STANDARD = gnu11;
				GCC_NO_COMMON_BLOCKS = YES;
				GCC_WARN_64_TO_32_BIT_CONVERSION = YES;
				GCC_WARN_ABOUT_RETURN_TYPE = YES_ERROR;
				GCC_WARN_UNDECLARED_SELECTOR = YES;
				GCC_WARN_UNINITIALIZED_AUTOS = YES_AGGRESSIVE;
				GCC_WARN_UNUSED_FUNCTION = YES;
				GCC_WARN_UNUSED_VARIABLE = YES;
				IPHONEOS_DEPLOYMENT_TARGET = 11.1;
				MTL_ENABLE_DEBUG_INFO = NO;
				ONLY_ACTIVE_ARCH = YES;
				SDKROOT = iphoneos;
				SWIFT_OPTIMIZATION_LEVEL = "-Owholemodule";
				VALIDATE_PRODUCT = YES;
			};
			name = Release;
		};
		0DCE2F251FBCDE44001A30EA /* Debug */ = {
			isa = XCBuildConfiguration;
			baseConfigurationReference = 618A31AA0F04F5BAEE52A1BF /* Pods-TreeClimbr.debug.xcconfig */;
			buildSettings = {
				ASSETCATALOG_COMPILER_APPICON_NAME = AppIcon;
				CODE_SIGN_ENTITLEMENTS = TreeClimbr/TreeClimbr.entitlements;
				CODE_SIGN_IDENTITY = "iPhone Developer";
				"CODE_SIGN_IDENTITY[sdk=iphoneos*]" = "iPhone Developer";
				CODE_SIGN_STYLE = Automatic;
				DEVELOPMENT_TEAM = Y4KAZTNBPK;
				INFOPLIST_FILE = TreeClimbr/Info.plist;
				LD_RUNPATH_SEARCH_PATHS = "$(inherited) @executable_path/Frameworks";
				PRODUCT_BUNDLE_IDENTIFIER = TreeClimbr;
				PRODUCT_NAME = "$(TARGET_NAME)";
				PROVISIONING_PROFILE_SPECIFIER = "";
				SWIFT_REFLECTION_METADATA_LEVEL = none;
				SWIFT_VERSION = 4.0;
				TARGETED_DEVICE_FAMILY = "1,2";
			};
			name = Debug;
		};
		0DCE2F261FBCDE44001A30EA /* Release */ = {
			isa = XCBuildConfiguration;
			baseConfigurationReference = FD9C6F42900DD93E9DC4842B /* Pods-TreeClimbr.release.xcconfig */;
			buildSettings = {
				ASSETCATALOG_COMPILER_APPICON_NAME = AppIcon;
				CODE_SIGN_ENTITLEMENTS = TreeClimbr/TreeClimbr.entitlements;
				CODE_SIGN_IDENTITY = "iPhone Developer";
				"CODE_SIGN_IDENTITY[sdk=iphoneos*]" = "iPhone Developer";
				CODE_SIGN_STYLE = Automatic;
				DEVELOPMENT_TEAM = Y4KAZTNBPK;
				INFOPLIST_FILE = TreeClimbr/Info.plist;
				LD_RUNPATH_SEARCH_PATHS = "$(inherited) @executable_path/Frameworks";
				PRODUCT_BUNDLE_IDENTIFIER = TreeClimbr;
				PRODUCT_NAME = "$(TARGET_NAME)";
				PROVISIONING_PROFILE_SPECIFIER = "";
				SWIFT_REFLECTION_METADATA_LEVEL = none;
				SWIFT_VERSION = 4.0;
				TARGETED_DEVICE_FAMILY = "1,2";
			};
			name = Release;
		};
		0DCE2F281FBCDE44001A30EA /* Debug */ = {
			isa = XCBuildConfiguration;
			baseConfigurationReference = 22A5D969B4E14DA4F60801B7 /* Pods-TreeClimbrTests.debug.xcconfig */;
			buildSettings = {
				ALWAYS_EMBED_SWIFT_STANDARD_LIBRARIES = YES;
				BUNDLE_LOADER = "$(TEST_HOST)";
				CODE_SIGN_STYLE = Automatic;
				INFOPLIST_FILE = TreeClimbrTests/Info.plist;
				LD_RUNPATH_SEARCH_PATHS = "$(inherited) @executable_path/Frameworks @loader_path/Frameworks";
				PRODUCT_BUNDLE_IDENTIFIER = com.markoss.TreeClimbrTests;
				PRODUCT_NAME = "$(TARGET_NAME)";
				SWIFT_VERSION = 4.0;
				TARGETED_DEVICE_FAMILY = "1,2";
				TEST_HOST = "$(BUILT_PRODUCTS_DIR)/TreeClimbr.app/TreeClimbr";
			};
			name = Debug;
		};
		0DCE2F291FBCDE44001A30EA /* Release */ = {
			isa = XCBuildConfiguration;
			baseConfigurationReference = 7DF90D628009B2667CE2A69C /* Pods-TreeClimbrTests.release.xcconfig */;
			buildSettings = {
				ALWAYS_EMBED_SWIFT_STANDARD_LIBRARIES = YES;
				BUNDLE_LOADER = "$(TEST_HOST)";
				CODE_SIGN_STYLE = Automatic;
				INFOPLIST_FILE = TreeClimbrTests/Info.plist;
				LD_RUNPATH_SEARCH_PATHS = "$(inherited) @executable_path/Frameworks @loader_path/Frameworks";
				PRODUCT_BUNDLE_IDENTIFIER = com.markoss.TreeClimbrTests;
				PRODUCT_NAME = "$(TARGET_NAME)";
				SWIFT_VERSION = 4.0;
				TARGETED_DEVICE_FAMILY = "1,2";
				TEST_HOST = "$(BUILT_PRODUCTS_DIR)/TreeClimbr.app/TreeClimbr";
			};
			name = Release;
		};
		0DCE2F2B1FBCDE44001A30EA /* Debug */ = {
			isa = XCBuildConfiguration;
			baseConfigurationReference = BC0E58522D0F36B7F2A1141D /* Pods-TreeClimbrUITests.debug.xcconfig */;
			buildSettings = {
				ALWAYS_EMBED_SWIFT_STANDARD_LIBRARIES = YES;
				CODE_SIGN_STYLE = Automatic;
				INFOPLIST_FILE = TreeClimbrUITests/Info.plist;
				LD_RUNPATH_SEARCH_PATHS = "$(inherited) @executable_path/Frameworks @loader_path/Frameworks";
				PRODUCT_BUNDLE_IDENTIFIER = com.markoss.TreeClimbrUITests;
				PRODUCT_NAME = "$(TARGET_NAME)";
				SWIFT_VERSION = 4.0;
				TARGETED_DEVICE_FAMILY = "1,2";
				TEST_TARGET_NAME = TreeClimbr;
			};
			name = Debug;
		};
		0DCE2F2C1FBCDE44001A30EA /* Release */ = {
			isa = XCBuildConfiguration;
			baseConfigurationReference = 6A11F771686065D68482369B /* Pods-TreeClimbrUITests.release.xcconfig */;
			buildSettings = {
				ALWAYS_EMBED_SWIFT_STANDARD_LIBRARIES = YES;
				CODE_SIGN_STYLE = Automatic;
				INFOPLIST_FILE = TreeClimbrUITests/Info.plist;
				LD_RUNPATH_SEARCH_PATHS = "$(inherited) @executable_path/Frameworks @loader_path/Frameworks";
				PRODUCT_BUNDLE_IDENTIFIER = com.markoss.TreeClimbrUITests;
				PRODUCT_NAME = "$(TARGET_NAME)";
				SWIFT_VERSION = 4.0;
				TARGETED_DEVICE_FAMILY = "1,2";
				TEST_TARGET_NAME = TreeClimbr;
			};
			name = Release;
		};
/* End XCBuildConfiguration section */

/* Begin XCConfigurationList section */
		0DCE2EF71FBCDE44001A30EA /* Build configuration list for PBXProject "TreeClimbr" */ = {
			isa = XCConfigurationList;
			buildConfigurations = (
				0DCE2F221FBCDE44001A30EA /* Debug */,
				0DCE2F231FBCDE44001A30EA /* Release */,
			);
			defaultConfigurationIsVisible = 0;
			defaultConfigurationName = Release;
		};
		0DCE2F241FBCDE44001A30EA /* Build configuration list for PBXNativeTarget "TreeClimbr" */ = {
			isa = XCConfigurationList;
			buildConfigurations = (
				0DCE2F251FBCDE44001A30EA /* Debug */,
				0DCE2F261FBCDE44001A30EA /* Release */,
			);
			defaultConfigurationIsVisible = 0;
			defaultConfigurationName = Release;
		};
		0DCE2F271FBCDE44001A30EA /* Build configuration list for PBXNativeTarget "TreeClimbrTests" */ = {
			isa = XCConfigurationList;
			buildConfigurations = (
				0DCE2F281FBCDE44001A30EA /* Debug */,
				0DCE2F291FBCDE44001A30EA /* Release */,
			);
			defaultConfigurationIsVisible = 0;
			defaultConfigurationName = Release;
		};
		0DCE2F2A1FBCDE44001A30EA /* Build configuration list for PBXNativeTarget "TreeClimbrUITests" */ = {
			isa = XCConfigurationList;
			buildConfigurations = (
				0DCE2F2B1FBCDE44001A30EA /* Debug */,
				0DCE2F2C1FBCDE44001A30EA /* Release */,
			);
			defaultConfigurationIsVisible = 0;
			defaultConfigurationName = Release;
		};
/* End XCConfigurationList section */
	};
	rootObject = 0DCE2EF41FBCDE44001A30EA /* Project object */;
}
